
Microsoft Visual Studio Solution File, Format Version 12.00
# Visual Studio Version 17
VisualStudioVersion = 17.12.35514.174 d17.12
MinimumVisualStudioVersion = 10.0.40219.1
Project("{00D1A9C2-B5F0-4AF3-8072-F6C62B433612}") = "DatabaseProject", "DatabaseProject\DatabaseProject.sqlproj", "{7F4E2FAA-7971-4BB5-9991-41FBB90FA08F}"
EndProject
Project("{FAE04EC0-301F-11D3-BF4B-00C04F79EFBC}") = "ADOTaskLibrary", "ADOTaskLibrary\ADOTaskLibrary.csproj", "{661FAD18-7B97-4ABF-ABB9-AFF7D6C51111}"
EndProject
Project("{FAE04EC0-301F-11D3-BF4B-00C04F79EFBC}") = "ADOTaskLibrary.Tests", "ADOTaskLibrary.Tests\ADOTaskLibrary.Tests.csproj", "{B8A95E60-F0CF-418C-94E3-0AA530B9C663}"
EndProject
Global
	GlobalSection(SolutionConfigurationPlatforms) = preSolution
		Debug|Any CPU = Debug|Any CPU
		Release|Any CPU = Release|Any CPU
	EndGlobalSection
	GlobalSection(ProjectConfigurationPlatforms) = postSolution
		{7F4E2FAA-7971-4BB5-9991-41FBB90FA08F}.Debug|Any CPU.ActiveCfg = Debug|Any CPU
		{7F4E2FAA-7971-4BB5-9991-41FBB90FA08F}.Debug|Any CPU.Build.0 = Debug|Any CPU
		{7F4E2FAA-7971-4BB5-9991-41FBB90FA08F}.Debug|Any CPU.Deploy.0 = Debug|Any CPU
		{7F4E2FAA-7971-4BB5-9991-41FBB90FA08F}.Release|Any CPU.ActiveCfg = Release|Any CPU
		{7F4E2FAA-7971-4BB5-9991-41FBB90FA08F}.Release|Any CPU.Build.0 = Release|Any CPU
		{7F4E2FAA-7971-4BB5-9991-41FBB90FA08F}.Release|Any CPU.Deploy.0 = Release|Any CPU
		{661FAD18-7B97-4ABF-ABB9-AFF7D6C51111}.Debug|Any CPU.ActiveCfg = Debug|Any CPU
		{661FAD18-7B97-4ABF-ABB9-AFF7D6C51111}.Debug|Any CPU.Build.0 = Debug|Any CPU
		{661FAD18-7B97-4ABF-ABB9-AFF7D6C51111}.Release|Any CPU.ActiveCfg = Release|Any CPU
		{661FAD18-7B97-4ABF-ABB9-AFF7D6C51111}.Release|Any CPU.Build.0 = Release|Any CPU
		{B8A95E60-F0CF-418C-94E3-0AA530B9C663}.Debug|Any CPU.ActiveCfg = Debug|Any CPU
		{B8A95E60-F0CF-418C-94E3-0AA530B9C663}.Debug|Any CPU.Build.0 = Debug|Any CPU
		{B8A95E60-F0CF-418C-94E3-0AA530B9C663}.Release|Any CPU.ActiveCfg = Release|Any CPU
		{B8A95E60-F0CF-418C-94E3-0AA530B9C663}.Release|Any CPU.Build.0 = Release|Any CPU
	EndGlobalSection
	GlobalSection(SolutionProperties) = preSolution
		HideSolutionNode = FALSE
	EndGlobalSection
EndGlobal
